// !$*UTF8*$!
{
	archiveVersion = 1;
	classes = {
	};
	objectVersion = 56;
	objects = {

/* Begin PBXBuildFile section */
		FCD53C992C8951F900386FD3 /* RecipesApp.swift in Sources */ = {isa = PBXBuildFile; fileRef = FCD53C982C8951F900386FD3 /* RecipesApp.swift */; };
		FCD53C9D2C8951FA00386FD3 /* Assets.xcassets in Resources */ = {isa = PBXBuildFile; fileRef = FCD53C9C2C8951FA00386FD3 /* Assets.xcassets */; };
		FCD53CA02C8951FA00386FD3 /* Preview Assets.xcassets in Resources */ = {isa = PBXBuildFile; fileRef = FCD53C9F2C8951FA00386FD3 /* Preview Assets.xcassets */; };
		FCD53CB42C8951FA00386FD3 /* RecipesUITests.swift in Sources */ = {isa = PBXBuildFile; fileRef = FCD53CB32C8951FA00386FD3 /* RecipesUITests.swift */; };
		FCD53CB62C8951FA00386FD3 /* RecipesUITestsLaunchTests.swift in Sources */ = {isa = PBXBuildFile; fileRef = FCD53CB52C8951FA00386FD3 /* RecipesUITestsLaunchTests.swift */; };
		FCD53CC42C89596600386FD3 /* Meal.swift in Sources */ = {isa = PBXBuildFile; fileRef = FCD53CC32C89596600386FD3 /* Meal.swift */; };
		FCD53CC82C89613000386FD3 /* MealDetails.swift in Sources */ = {isa = PBXBuildFile; fileRef = FCD53CC72C89613000386FD3 /* MealDetails.swift */; };
		FCD53CCB2C8A0C6000386FD3 /* DessertsResponse.json in Resources */ = {isa = PBXBuildFile; fileRef = FCD53CCA2C8A0C6000386FD3 /* DessertsResponse.json */; };
		FCD53CCE2C8A0E3000386FD3 /* MealClient.swift in Sources */ = {isa = PBXBuildFile; fileRef = FCD53CCD2C8A0E3000386FD3 /* MealClient.swift */; };
		FCD53CD02C8A149900386FD3 /* MealResponse53049.json in Resources */ = {isa = PBXBuildFile; fileRef = FCD53CCF2C8A149900386FD3 /* MealResponse53049.json */; };
		FCD53CD72C8A30AB00386FD3 /* DessertListView.swift in Sources */ = {isa = PBXBuildFile; fileRef = FCD53CD62C8A30AB00386FD3 /* DessertListView.swift */; };
		FCD53CDA2C8A337E00386FD3 /* DessertListViewModel.swift in Sources */ = {isa = PBXBuildFile; fileRef = FCD53CD92C8A337E00386FD3 /* DessertListViewModel.swift */; };
		FCD53CDC2C8A342300386FD3 /* ServiceState.swift in Sources */ = {isa = PBXBuildFile; fileRef = FCD53CDB2C8A342300386FD3 /* ServiceState.swift */; };
		FCD53CDE2C8B3DA900386FD3 /* DessertView.swift in Sources */ = {isa = PBXBuildFile; fileRef = FCD53CDD2C8B3DA900386FD3 /* DessertView.swift */; };
		FCD53CE02C8B3DB600386FD3 /* DessertViewModel.swift in Sources */ = {isa = PBXBuildFile; fileRef = FCD53CDF2C8B3DB600386FD3 /* DessertViewModel.swift */; };
		FCD53CE32C8B65C100386FD3 /* TestMealClient.swift in Sources */ = {isa = PBXBuildFile; fileRef = FCD53CE22C8B65C100386FD3 /* TestMealClient.swift */; };
		FCD53CE52C8B662300386FD3 /* DessertViewModelTests.swift in Sources */ = {isa = PBXBuildFile; fileRef = FCD53CE42C8B662300386FD3 /* DessertViewModelTests.swift */; };
		FCD53CE92C8B97EE00386FD3 /* ViewModifiers.swift in Sources */ = {isa = PBXBuildFile; fileRef = FCD53CE82C8B97EE00386FD3 /* ViewModifiers.swift */; };
		FCD53CEC2C8CCB7D00386FD3 /* DessertsResponse.json in Resources */ = {isa = PBXBuildFile; fileRef = FCD53CCA2C8A0C6000386FD3 /* DessertsResponse.json */; };
		FCD53CED2C8CCB8200386FD3 /* MealResponse53049.json in Resources */ = {isa = PBXBuildFile; fileRef = FCD53CCF2C8A149900386FD3 /* MealResponse53049.json */; };
		FCD53CEF2C8D475300386FD3 /* DessertListViewModelTests.swift in Sources */ = {isa = PBXBuildFile; fileRef = FCD53CEE2C8D475300386FD3 /* DessertListViewModelTests.swift */; };
/* End PBXBuildFile section */

/* Begin PBXContainerItemProxy section */
		FCD53CA62C8951FA00386FD3 /* PBXContainerItemProxy */ = {
			isa = PBXContainerItemProxy;
			containerPortal = FCD53C8D2C8951F900386FD3 /* Project object */;
			proxyType = 1;
			remoteGlobalIDString = FCD53C942C8951F900386FD3;
			remoteInfo = Recipes;
		};
		FCD53CB02C8951FA00386FD3 /* PBXContainerItemProxy */ = {
			isa = PBXContainerItemProxy;
			containerPortal = FCD53C8D2C8951F900386FD3 /* Project object */;
			proxyType = 1;
			remoteGlobalIDString = FCD53C942C8951F900386FD3;
			remoteInfo = Recipes;
		};
/* End PBXContainerItemProxy section */

/* Begin PBXFileReference section */
		FCD53C952C8951F900386FD3 /* Recipes.app */ = {isa = PBXFileReference; explicitFileType = wrapper.application; includeInIndex = 0; path = Recipes.app; sourceTree = BUILT_PRODUCTS_DIR; };
		FCD53C982C8951F900386FD3 /* RecipesApp.swift */ = {isa = PBXFileReference; lastKnownFileType = sourcecode.swift; path = RecipesApp.swift; sourceTree = "<group>"; };
		FCD53C9C2C8951FA00386FD3 /* Assets.xcassets */ = {isa = PBXFileReference; lastKnownFileType = folder.assetcatalog; path = Assets.xcassets; sourceTree = "<group>"; };
		FCD53C9F2C8951FA00386FD3 /* Preview Assets.xcassets */ = {isa = PBXFileReference; lastKnownFileType = folder.assetcatalog; path = "Preview Assets.xcassets"; sourceTree = "<group>"; };
		FCD53CA52C8951FA00386FD3 /* RecipesTests.xctest */ = {isa = PBXFileReference; explicitFileType = wrapper.cfbundle; includeInIndex = 0; path = RecipesTests.xctest; sourceTree = BUILT_PRODUCTS_DIR; };
		FCD53CAF2C8951FA00386FD3 /* RecipesUITests.xctest */ = {isa = PBXFileReference; explicitFileType = wrapper.cfbundle; includeInIndex = 0; path = RecipesUITests.xctest; sourceTree = BUILT_PRODUCTS_DIR; };
		FCD53CB32C8951FA00386FD3 /* RecipesUITests.swift */ = {isa = PBXFileReference; lastKnownFileType = sourcecode.swift; path = RecipesUITests.swift; sourceTree = "<group>"; };
		FCD53CB52C8951FA00386FD3 /* RecipesUITestsLaunchTests.swift */ = {isa = PBXFileReference; lastKnownFileType = sourcecode.swift; path = RecipesUITestsLaunchTests.swift; sourceTree = "<group>"; };
		FCD53CC32C89596600386FD3 /* Meal.swift */ = {isa = PBXFileReference; lastKnownFileType = sourcecode.swift; path = Meal.swift; sourceTree = "<group>"; };
		FCD53CC72C89613000386FD3 /* MealDetails.swift */ = {isa = PBXFileReference; lastKnownFileType = sourcecode.swift; path = MealDetails.swift; sourceTree = "<group>"; };
		FCD53CCA2C8A0C6000386FD3 /* DessertsResponse.json */ = {isa = PBXFileReference; fileEncoding = 4; lastKnownFileType = text.json; path = DessertsResponse.json; sourceTree = "<group>"; };
		FCD53CCD2C8A0E3000386FD3 /* MealClient.swift */ = {isa = PBXFileReference; lastKnownFileType = sourcecode.swift; path = MealClient.swift; sourceTree = "<group>"; };
		FCD53CCF2C8A149900386FD3 /* MealResponse53049.json */ = {isa = PBXFileReference; fileEncoding = 4; lastKnownFileType = text.json; path = MealResponse53049.json; sourceTree = "<group>"; };
		FCD53CD62C8A30AB00386FD3 /* DessertListView.swift */ = {isa = PBXFileReference; lastKnownFileType = sourcecode.swift; path = DessertListView.swift; sourceTree = "<group>"; };
		FCD53CD92C8A337E00386FD3 /* DessertListViewModel.swift */ = {isa = PBXFileReference; lastKnownFileType = sourcecode.swift; path = DessertListViewModel.swift; sourceTree = "<group>"; };
		FCD53CDB2C8A342300386FD3 /* ServiceState.swift */ = {isa = PBXFileReference; lastKnownFileType = sourcecode.swift; path = ServiceState.swift; sourceTree = "<group>"; };
		FCD53CDD2C8B3DA900386FD3 /* DessertView.swift */ = {isa = PBXFileReference; lastKnownFileType = sourcecode.swift; path = DessertView.swift; sourceTree = "<group>"; };
		FCD53CDF2C8B3DB600386FD3 /* DessertViewModel.swift */ = {isa = PBXFileReference; lastKnownFileType = sourcecode.swift; path = DessertViewModel.swift; sourceTree = "<group>"; };
		FCD53CE22C8B65C100386FD3 /* TestMealClient.swift */ = {isa = PBXFileReference; lastKnownFileType = sourcecode.swift; path = TestMealClient.swift; sourceTree = "<group>"; };
		FCD53CE42C8B662300386FD3 /* DessertViewModelTests.swift */ = {isa = PBXFileReference; lastKnownFileType = sourcecode.swift; path = DessertViewModelTests.swift; sourceTree = "<group>"; };
		FCD53CE82C8B97EE00386FD3 /* ViewModifiers.swift */ = {isa = PBXFileReference; lastKnownFileType = sourcecode.swift; path = ViewModifiers.swift; sourceTree = "<group>"; };
		FCD53CEE2C8D475300386FD3 /* DessertListViewModelTests.swift */ = {isa = PBXFileReference; lastKnownFileType = sourcecode.swift; path = DessertListViewModelTests.swift; sourceTree = "<group>"; };
/* End PBXFileReference section */

/* Begin PBXFrameworksBuildPhase section */
		FCD53C922C8951F900386FD3 /* Frameworks */ = {
			isa = PBXFrameworksBuildPhase;
			buildActionMask = 2147483647;
			files = (
			);
			runOnlyForDeploymentPostprocessing = 0;
		};
		FCD53CA22C8951FA00386FD3 /* Frameworks */ = {
			isa = PBXFrameworksBuildPhase;
			buildActionMask = 2147483647;
			files = (
			);
			runOnlyForDeploymentPostprocessing = 0;
		};
		FCD53CAC2C8951FA00386FD3 /* Frameworks */ = {
			isa = PBXFrameworksBuildPhase;
			buildActionMask = 2147483647;
			files = (
			);
			runOnlyForDeploymentPostprocessing = 0;
		};
/* End PBXFrameworksBuildPhase section */

/* Begin PBXGroup section */
		FCD53C8C2C8951F900386FD3 = {
			isa = PBXGroup;
			children = (
				FCD53C972C8951F900386FD3 /* Recipes */,
				FCD53CA82C8951FA00386FD3 /* RecipesTests */,
				FCD53CB22C8951FA00386FD3 /* RecipesUITests */,
				FCD53C962C8951F900386FD3 /* Products */,
			);
			sourceTree = "<group>";
		};
		FCD53C962C8951F900386FD3 /* Products */ = {
			isa = PBXGroup;
			children = (
				FCD53C952C8951F900386FD3 /* Recipes.app */,
				FCD53CA52C8951FA00386FD3 /* RecipesTests.xctest */,
				FCD53CAF2C8951FA00386FD3 /* RecipesUITests.xctest */,
			);
			name = Products;
			sourceTree = "<group>";
		};
		FCD53C972C8951F900386FD3 /* Recipes */ = {
			isa = PBXGroup;
			children = (
				FCD53CD82C8A30BB00386FD3 /* ViewModels */,
				FCD53CD52C8A309000386FD3 /* Views */,
				FCD53CCC2C8A0E1500386FD3 /* Service */,
				FCD53CC22C89583500386FD3 /* Models */,
				FCD53C982C8951F900386FD3 /* RecipesApp.swift */,
				FCD53C9C2C8951FA00386FD3 /* Assets.xcassets */,
				FCD53C9E2C8951FA00386FD3 /* Preview Content */,
			);
			path = Recipes;
			sourceTree = "<group>";
		};
		FCD53C9E2C8951FA00386FD3 /* Preview Content */ = {
			isa = PBXGroup;
			children = (
				FCD53CCA2C8A0C6000386FD3 /* DessertsResponse.json */,
				FCD53CCF2C8A149900386FD3 /* MealResponse53049.json */,
				FCD53C9F2C8951FA00386FD3 /* Preview Assets.xcassets */,
			);
			path = "Preview Content";
			sourceTree = "<group>";
		};
		FCD53CA82C8951FA00386FD3 /* RecipesTests */ = {
			isa = PBXGroup;
			children = (
				FCD53CE22C8B65C100386FD3 /* TestMealClient.swift */,
				FCD53CE42C8B662300386FD3 /* DessertViewModelTests.swift */,
				FCD53CEE2C8D475300386FD3 /* DessertListViewModelTests.swift */,
			);
			path = RecipesTests;
			sourceTree = "<group>";
		};
		FCD53CB22C8951FA00386FD3 /* RecipesUITests */ = {
			isa = PBXGroup;
			children = (
				FCD53CB32C8951FA00386FD3 /* RecipesUITests.swift */,
				FCD53CB52C8951FA00386FD3 /* RecipesUITestsLaunchTests.swift */,
			);
			path = RecipesUITests;
			sourceTree = "<group>";
		};
		FCD53CC22C89583500386FD3 /* Models */ = {
			isa = PBXGroup;
			children = (
				FCD53CC32C89596600386FD3 /* Meal.swift */,
				FCD53CC72C89613000386FD3 /* MealDetails.swift */,
			);
			path = Models;
			sourceTree = "<group>";
		};
		FCD53CCC2C8A0E1500386FD3 /* Service */ = {
			isa = PBXGroup;
			children = (
				FCD53CCD2C8A0E3000386FD3 /* MealClient.swift */,
				FCD53CDB2C8A342300386FD3 /* ServiceState.swift */,
			);
			path = Service;
			sourceTree = "<group>";
		};
		FCD53CD52C8A309000386FD3 /* Views */ = {
			isa = PBXGroup;
			children = (
				FCD53CD62C8A30AB00386FD3 /* DessertListView.swift */,
				FCD53CDD2C8B3DA900386FD3 /* DessertView.swift */,
				FCD53CE82C8B97EE00386FD3 /* ViewModifiers.swift */,
			);
			path = Views;
			sourceTree = "<group>";
		};
		FCD53CD82C8A30BB00386FD3 /* ViewModels */ = {
			isa = PBXGroup;
			children = (
				FCD53CD92C8A337E00386FD3 /* DessertListViewModel.swift */,
				FCD53CDF2C8B3DB600386FD3 /* DessertViewModel.swift */,
			);
			path = ViewModels;
			sourceTree = "<group>";
		};
/* End PBXGroup section */

/* Begin PBXNativeTarget section */
		FCD53C942C8951F900386FD3 /* Recipes */ = {
			isa = PBXNativeTarget;
			buildConfigurationList = FCD53CB92C8951FA00386FD3 /* Build configuration list for PBXNativeTarget "Recipes" */;
			buildPhases = (
				FCD53C912C8951F900386FD3 /* Sources */,
				FCD53C922C8951F900386FD3 /* Frameworks */,
				FCD53C932C8951F900386FD3 /* Resources */,
			);
			buildRules = (
			);
			dependencies = (
			);
			name = Recipes;
			productName = Recipes;
			productReference = FCD53C952C8951F900386FD3 /* Recipes.app */;
			productType = "com.apple.product-type.application";
		};
		FCD53CA42C8951FA00386FD3 /* RecipesTests */ = {
			isa = PBXNativeTarget;
			buildConfigurationList = FCD53CBC2C8951FA00386FD3 /* Build configuration list for PBXNativeTarget "RecipesTests" */;
			buildPhases = (
				FCD53CA12C8951FA00386FD3 /* Sources */,
				FCD53CA22C8951FA00386FD3 /* Frameworks */,
				FCD53CA32C8951FA00386FD3 /* Resources */,
			);
			buildRules = (
			);
			dependencies = (
				FCD53CA72C8951FA00386FD3 /* PBXTargetDependency */,
			);
			name = RecipesTests;
			productName = RecipesTests;
			productReference = FCD53CA52C8951FA00386FD3 /* RecipesTests.xctest */;
			productType = "com.apple.product-type.bundle.unit-test";
		};
		FCD53CAE2C8951FA00386FD3 /* RecipesUITests */ = {
			isa = PBXNativeTarget;
			buildConfigurationList = FCD53CBF2C8951FA00386FD3 /* Build configuration list for PBXNativeTarget "RecipesUITests" */;
			buildPhases = (
				FCD53CAB2C8951FA00386FD3 /* Sources */,
				FCD53CAC2C8951FA00386FD3 /* Frameworks */,
				FCD53CAD2C8951FA00386FD3 /* Resources */,
			);
			buildRules = (
			);
			dependencies = (
				FCD53CB12C8951FA00386FD3 /* PBXTargetDependency */,
			);
			name = RecipesUITests;
			productName = RecipesUITests;
			productReference = FCD53CAF2C8951FA00386FD3 /* RecipesUITests.xctest */;
			productType = "com.apple.product-type.bundle.ui-testing";
		};
/* End PBXNativeTarget section */

/* Begin PBXProject section */
		FCD53C8D2C8951F900386FD3 /* Project object */ = {
			isa = PBXProject;
			attributes = {
				BuildIndependentTargetsInParallel = 1;
				LastSwiftUpdateCheck = 1540;
				LastUpgradeCheck = 1540;
				TargetAttributes = {
					FCD53C942C8951F900386FD3 = {
						CreatedOnToolsVersion = 15.4;
					};
					FCD53CA42C8951FA00386FD3 = {
						CreatedOnToolsVersion = 15.4;
						TestTargetID = FCD53C942C8951F900386FD3;
					};
					FCD53CAE2C8951FA00386FD3 = {
						CreatedOnToolsVersion = 15.4;
						TestTargetID = FCD53C942C8951F900386FD3;
					};
				};
			};
			buildConfigurationList = FCD53C902C8951F900386FD3 /* Build configuration list for PBXProject "Recipes" */;
			compatibilityVersion = "Xcode 14.0";
			developmentRegion = en;
			hasScannedForEncodings = 0;
			knownRegions = (
				en,
				Base,
			);
			mainGroup = FCD53C8C2C8951F900386FD3;
			productRefGroup = FCD53C962C8951F900386FD3 /* Products */;
			projectDirPath = "";
			projectRoot = "";
			targets = (
				FCD53C942C8951F900386FD3 /* Recipes */,
				FCD53CA42C8951FA00386FD3 /* RecipesTests */,
				FCD53CAE2C8951FA00386FD3 /* RecipesUITests */,
			);
		};
/* End PBXProject section */

/* Begin PBXResourcesBuildPhase section */
		FCD53C932C8951F900386FD3 /* Resources */ = {
			isa = PBXResourcesBuildPhase;
			buildActionMask = 2147483647;
			files = (
				FCD53CED2C8CCB8200386FD3 /* MealResponse53049.json in Resources */,
				FCD53CEC2C8CCB7D00386FD3 /* DessertsResponse.json in Resources */,
				FCD53CA02C8951FA00386FD3 /* Preview Assets.xcassets in Resources */,
				FCD53C9D2C8951FA00386FD3 /* Assets.xcassets in Resources */,
			);
			runOnlyForDeploymentPostprocessing = 0;
		};
		FCD53CA32C8951FA00386FD3 /* Resources */ = {
			isa = PBXResourcesBuildPhase;
			buildActionMask = 2147483647;
			files = (
				FCD53CCB2C8A0C6000386FD3 /* DessertsResponse.json in Resources */,
				FCD53CD02C8A149900386FD3 /* MealResponse53049.json in Resources */,
			);
			runOnlyForDeploymentPostprocessing = 0;
		};
		FCD53CAD2C8951FA00386FD3 /* Resources */ = {
			isa = PBXResourcesBuildPhase;
			buildActionMask = 2147483647;
			files = (
			);
			runOnlyForDeploymentPostprocessing = 0;
		};
/* End PBXResourcesBuildPhase section */

/* Begin PBXSourcesBuildPhase section */
		FCD53C912C8951F900386FD3 /* Sources */ = {
			isa = PBXSourcesBuildPhase;
			buildActionMask = 2147483647;
			files = (
				FCD53CD72C8A30AB00386FD3 /* DessertListView.swift in Sources */,
				FCD53CC82C89613000386FD3 /* MealDetails.swift in Sources */,
				FCD53CE92C8B97EE00386FD3 /* ViewModifiers.swift in Sources */,
				FCD53CCE2C8A0E3000386FD3 /* MealClient.swift in Sources */,
				FCD53CDC2C8A342300386FD3 /* ServiceState.swift in Sources */,
				FCD53CC42C89596600386FD3 /* Meal.swift in Sources */,
				FCD53CDE2C8B3DA900386FD3 /* DessertView.swift in Sources */,
				FCD53C992C8951F900386FD3 /* RecipesApp.swift in Sources */,
				FCD53CE02C8B3DB600386FD3 /* DessertViewModel.swift in Sources */,
				FCD53CDA2C8A337E00386FD3 /* DessertListViewModel.swift in Sources */,
			);
			runOnlyForDeploymentPostprocessing = 0;
		};
		FCD53CA12C8951FA00386FD3 /* Sources */ = {
			isa = PBXSourcesBuildPhase;
			buildActionMask = 2147483647;
			files = (
				FCD53CE52C8B662300386FD3 /* DessertViewModelTests.swift in Sources */,
				FCD53CE32C8B65C100386FD3 /* TestMealClient.swift in Sources */,
				FCD53CEF2C8D475300386FD3 /* DessertListViewModelTests.swift in Sources */,
			);
			runOnlyForDeploymentPostprocessing = 0;
		};
		FCD53CAB2C8951FA00386FD3 /* Sources */ = {
			isa = PBXSourcesBuildPhase;
			buildActionMask = 2147483647;
			files = (
				FCD53CB62C8951FA00386FD3 /* RecipesUITestsLaunchTests.swift in Sources */,
				FCD53CB42C8951FA00386FD3 /* RecipesUITests.swift in Sources */,
			);
			runOnlyForDeploymentPostprocessing = 0;
		};
/* End PBXSourcesBuildPhase section */

/* Begin PBXTargetDependency section */
		FCD53CA72C8951FA00386FD3 /* PBXTargetDependency */ = {
			isa = PBXTargetDependency;
			target = FCD53C942C8951F900386FD3 /* Recipes */;
			targetProxy = FCD53CA62C8951FA00386FD3 /* PBXContainerItemProxy */;
		};
		FCD53CB12C8951FA00386FD3 /* PBXTargetDependency */ = {
			isa = PBXTargetDependency;
			target = FCD53C942C8951F900386FD3 /* Recipes */;
			targetProxy = FCD53CB02C8951FA00386FD3 /* PBXContainerItemProxy */;
		};
/* End PBXTargetDependency section */

/* Begin XCBuildConfiguration section */
		FCD53CB72C8951FA00386FD3 /* Debug */ = {
			isa = XCBuildConfiguration;
			buildSettings = {
				ALWAYS_SEARCH_USER_PATHS = NO;
				ASSETCATALOG_COMPILER_GENERATE_SWIFT_ASSET_SYMBOL_EXTENSIONS = YES;
				CLANG_ANALYZER_NONNULL = YES;
				CLANG_ANALYZER_NUMBER_OBJECT_CONVERSION = YES_AGGRESSIVE;
				CLANG_CXX_LANGUAGE_STANDARD = "gnu++20";
				CLANG_ENABLE_MODULES = YES;
				CLANG_ENABLE_OBJC_ARC = YES;
				CLANG_ENABLE_OBJC_WEAK = YES;
				CLANG_WARN_BLOCK_CAPTURE_AUTORELEASING = YES;
				CLANG_WARN_BOOL_CONVERSION = YES;
				CLANG_WARN_COMMA = YES;
				CLANG_WARN_CONSTANT_CONVERSION = YES;
				CLANG_WARN_DEPRECATED_OBJC_IMPLEMENTATIONS = YES;
				CLANG_WARN_DIRECT_OBJC_ISA_USAGE = YES_ERROR;
				CLANG_WARN_DOCUMENTATION_COMMENTS = YES;
				CLANG_WARN_EMPTY_BODY = YES;
				CLANG_WARN_ENUM_CONVERSION = YES;
				CLANG_WARN_INFINITE_RECURSION = YES;
				CLANG_WARN_INT_CONVERSION = YES;
				CLANG_WARN_NON_LITERAL_NULL_CONVERSION = YES;
				CLANG_WARN_OBJC_IMPLICIT_RETAIN_SELF = YES;
				CLANG_WARN_OBJC_LITERAL_CONVERSION = YES;
				CLANG_WARN_OBJC_ROOT_CLASS = YES_ERROR;
				CLANG_WARN_QUOTED_INCLUDE_IN_FRAMEWORK_HEADER = YES;
				CLANG_WARN_RANGE_LOOP_ANALYSIS = YES;
				CLANG_WARN_STRICT_PROTOTYPES = YES;
				CLANG_WARN_SUSPICIOUS_MOVE = YES;
				CLANG_WARN_UNGUARDED_AVAILABILITY = YES_AGGRESSIVE;
				CLANG_WARN_UNREACHABLE_CODE = YES;
				CLANG_WARN__DUPLICATE_METHOD_MATCH = YES;
				COPY_PHASE_STRIP = NO;
				DEBUG_INFORMATION_FORMAT = dwarf;
				ENABLE_STRICT_OBJC_MSGSEND = YES;
				ENABLE_TESTABILITY = YES;
				ENABLE_USER_SCRIPT_SANDBOXING = YES;
				GCC_C_LANGUAGE_STANDARD = gnu17;
				GCC_DYNAMIC_NO_PIC = NO;
				GCC_NO_COMMON_BLOCKS = YES;
				GCC_OPTIMIZATION_LEVEL = 0;
				GCC_PREPROCESSOR_DEFINITIONS = (
					"DEBUG=1",
					"$(inherited)",
				);
				GCC_WARN_64_TO_32_BIT_CONVERSION = YES;
				GCC_WARN_ABOUT_RETURN_TYPE = YES_ERROR;
				GCC_WARN_UNDECLARED_SELECTOR = YES;
				GCC_WARN_UNINITIALIZED_AUTOS = YES_AGGRESSIVE;
				GCC_WARN_UNUSED_FUNCTION = YES;
				GCC_WARN_UNUSED_VARIABLE = YES;
				IPHONEOS_DEPLOYMENT_TARGET = 17.5;
				LOCALIZATION_PREFERS_STRING_CATALOGS = YES;
				MTL_ENABLE_DEBUG_INFO = INCLUDE_SOURCE;
				MTL_FAST_MATH = YES;
				ONLY_ACTIVE_ARCH = YES;
				SDKROOT = iphoneos;
				SWIFT_ACTIVE_COMPILATION_CONDITIONS = "DEBUG $(inherited)";
				SWIFT_OPTIMIZATION_LEVEL = "-Onone";
			};
			name = Debug;
		};
		FCD53CB82C8951FA00386FD3 /* Release */ = {
			isa = XCBuildConfiguration;
			buildSettings = {
				ALWAYS_SEARCH_USER_PATHS = NO;
				ASSETCATALOG_COMPILER_GENERATE_SWIFT_ASSET_SYMBOL_EXTENSIONS = YES;
				CLANG_ANALYZER_NONNULL = YES;
				CLANG_ANALYZER_NUMBER_OBJECT_CONVERSION = YES_AGGRESSIVE;
				CLANG_CXX_LANGUAGE_STANDARD = "gnu++20";
				CLANG_ENABLE_MODULES = YES;
				CLANG_ENABLE_OBJC_ARC = YES;
				CLANG_ENABLE_OBJC_WEAK = YES;
				CLANG_WARN_BLOCK_CAPTURE_AUTORELEASING = YES;
				CLANG_WARN_BOOL_CONVERSION = YES;
				CLANG_WARN_COMMA = YES;
				CLANG_WARN_CONSTANT_CONVERSION = YES;
				CLANG_WARN_DEPRECATED_OBJC_IMPLEMENTATIONS = YES;
				CLANG_WARN_DIRECT_OBJC_ISA_USAGE = YES_ERROR;
				CLANG_WARN_DOCUMENTATION_COMMENTS = YES;
				CLANG_WARN_EMPTY_BODY = YES;
				CLANG_WARN_ENUM_CONVERSION = YES;
				CLANG_WARN_INFINITE_RECURSION = YES;
				CLANG_WARN_INT_CONVERSION = YES;
				CLANG_WARN_NON_LITERAL_NULL_CONVERSION = YES;
				CLANG_WARN_OBJC_IMPLICIT_RETAIN_SELF = YES;
				CLANG_WARN_OBJC_LITERAL_CONVERSION = YES;
				CLANG_WARN_OBJC_ROOT_CLASS = YES_ERROR;
				CLANG_WARN_QUOTED_INCLUDE_IN_FRAMEWORK_HEADER = YES;
				CLANG_WARN_RANGE_LOOP_ANALYSIS = YES;
				CLANG_WARN_STRICT_PROTOTYPES = YES;
				CLANG_WARN_SUSPICIOUS_MOVE = YES;
				CLANG_WARN_UNGUARDED_AVAILABILITY = YES_AGGRESSIVE;
				CLANG_WARN_UNREACHABLE_CODE = YES;
				CLANG_WARN__DUPLICATE_METHOD_MATCH = YES;
				COPY_PHASE_STRIP = NO;
				DEBUG_INFORMATION_FORMAT = "dwarf-with-dsym";
				ENABLE_NS_ASSERTIONS = NO;
				ENABLE_STRICT_OBJC_MSGSEND = YES;
				ENABLE_USER_SCRIPT_SANDBOXING = YES;
				GCC_C_LANGUAGE_STANDARD = gnu17;
				GCC_NO_COMMON_BLOCKS = YES;
				GCC_WARN_64_TO_32_BIT_CONVERSION = YES;
				GCC_WARN_ABOUT_RETURN_TYPE = YES_ERROR;
				GCC_WARN_UNDECLARED_SELECTOR = YES;
				GCC_WARN_UNINITIALIZED_AUTOS = YES_AGGRESSIVE;
				GCC_WARN_UNUSED_FUNCTION = YES;
				GCC_WARN_UNUSED_VARIABLE = YES;
				IPHONEOS_DEPLOYMENT_TARGET = 17.5;
				LOCALIZATION_PREFERS_STRING_CATALOGS = YES;
				MTL_ENABLE_DEBUG_INFO = NO;
				MTL_FAST_MATH = YES;
				SDKROOT = iphoneos;
				SWIFT_COMPILATION_MODE = wholemodule;
				VALIDATE_PRODUCT = YES;
			};
			name = Release;
		};
		FCD53CBA2C8951FA00386FD3 /* Debug */ = {
			isa = XCBuildConfiguration;
			buildSettings = {
				ASSETCATALOG_COMPILER_APPICON_NAME = AppIcon;
				ASSETCATALOG_COMPILER_GLOBAL_ACCENT_COLOR_NAME = AccentColor;
				CODE_SIGN_STYLE = Automatic;
				CURRENT_PROJECT_VERSION = 1;
				DEVELOPMENT_ASSET_PATHS = "\"Recipes/Preview Content\"";
				DEVELOPMENT_TEAM = P47JS6NZTH;
				ENABLE_PREVIEWS = YES;
				GENERATE_INFOPLIST_FILE = YES;
				INFOPLIST_KEY_UIApplicationSceneManifest_Generation = YES;
				INFOPLIST_KEY_UIApplicationSupportsIndirectInputEvents = YES;
				INFOPLIST_KEY_UILaunchScreen_Generation = YES;
				INFOPLIST_KEY_UISupportedInterfaceOrientations_iPad = "UIInterfaceOrientationPortrait UIInterfaceOrientationPortraitUpsideDown UIInterfaceOrientationLandscapeLeft UIInterfaceOrientationLandscapeRight";
				INFOPLIST_KEY_UISupportedInterfaceOrientations_iPhone = "UIInterfaceOrientationPortrait UIInterfaceOrientationLandscapeLeft UIInterfaceOrientationLandscapeRight";
				LD_RUNPATH_SEARCH_PATHS = (
					"$(inherited)",
					"@executable_path/Frameworks",
				);
				MARKETING_VERSION = 1.0;
				PRODUCT_BUNDLE_IDENTIFIER = com.wyethshamp.Recipes;
				PRODUCT_NAME = "$(TARGET_NAME)";
				SWIFT_EMIT_LOC_STRINGS = YES;
				SWIFT_VERSION = 5.0;
				TARGETED_DEVICE_FAMILY = "1,2";
			};
			name = Debug;
		};
		FCD53CBB2C8951FA00386FD3 /* Release */ = {
			isa = XCBuildConfiguration;
			buildSettings = {
				ASSETCATALOG_COMPILER_APPICON_NAME = AppIcon;
				ASSETCATALOG_COMPILER_GLOBAL_ACCENT_COLOR_NAME = AccentColor;
				CODE_SIGN_STYLE = Automatic;
				CURRENT_PROJECT_VERSION = 1;
				DEVELOPMENT_ASSET_PATHS = "\"Recipes/Preview Content\"";
				DEVELOPMENT_TEAM = P47JS6NZTH;
				ENABLE_PREVIEWS = YES;
				GENERATE_INFOPLIST_FILE = YES;
				INFOPLIST_KEY_UIApplicationSceneManifest_Generation = YES;
				INFOPLIST_KEY_UIApplicationSupportsIndirectInputEvents = YES;
				INFOPLIST_KEY_UILaunchScreen_Generation = YES;
				INFOPLIST_KEY_UISupportedInterfaceOrientations_iPad = "UIInterfaceOrientationPortrait UIInterfaceOrientationPortraitUpsideDown UIInterfaceOrientationLandscapeLeft UIInterfaceOrientationLandscapeRight";
				INFOPLIST_KEY_UISupportedInterfaceOrientations_iPhone = "UIInterfaceOrientationPortrait UIInterfaceOrientationLandscapeLeft UIInterfaceOrientationLandscapeRight";
				LD_RUNPATH_SEARCH_PATHS = (
					"$(inherited)",
					"@executable_path/Frameworks",
				);
				MARKETING_VERSION = 1.0;
				PRODUCT_BUNDLE_IDENTIFIER = com.wyethshamp.Recipes;
				PRODUCT_NAME = "$(TARGET_NAME)";
				SWIFT_EMIT_LOC_STRINGS = YES;
				SWIFT_VERSION = 5.0;
				TARGETED_DEVICE_FAMILY = "1,2";
			};
			name = Release;
		};
		FCD53CBD2C8951FA00386FD3 /* Debug */ = {
			isa = XCBuildConfiguration;
			buildSettings = {
				ALWAYS_EMBED_SWIFT_STANDARD_LIBRARIES = YES;
				BUNDLE_LOADER = "$(TEST_HOST)";
				CODE_SIGN_STYLE = Automatic;
				CURRENT_PROJECT_VERSION = 1;
				DEVELOPMENT_TEAM = P47JS6NZTH;
				GENERATE_INFOPLIST_FILE = YES;
				IPHONEOS_DEPLOYMENT_TARGET = 17.5;
				MARKETING_VERSION = 1.0;
				PRODUCT_BUNDLE_IDENTIFIER = com.wyethshamp.RecipesTests;
				PRODUCT_NAME = "$(TARGET_NAME)";
				SWIFT_EMIT_LOC_STRINGS = NO;
				SWIFT_VERSION = 5.0;
				TARGETED_DEVICE_FAMILY = "1,2";
				TEST_HOST = "$(BUILT_PRODUCTS_DIR)/Recipes.app/$(BUNDLE_EXECUTABLE_FOLDER_PATH)/Recipes";
			};
			name = Debug;
		};
		FCD53CBE2C8951FA00386FD3 /* Release */ = {
			isa = XCBuildConfiguration;
			buildSettings = {
				ALWAYS_EMBED_SWIFT_STANDARD_LIBRARIES = YES;
				BUNDLE_LOADER = "$(TEST_HOST)";
				CODE_SIGN_STYLE = Automatic;
				CURRENT_PROJECT_VERSION = 1;
				DEVELOPMENT_TEAM = P47JS6NZTH;
				GENERATE_INFOPLIST_FILE = YES;
				IPHONEOS_DEPLOYMENT_TARGET = 17.5;
				MARKETING_VERSION = 1.0;
				PRODUCT_BUNDLE_IDENTIFIER = com.wyethshamp.RecipesTests;
				PRODUCT_NAME = "$(TARGET_NAME)";
				SWIFT_EMIT_LOC_STRINGS = NO;
				SWIFT_VERSION = 5.0;
				TARGETED_DEVICE_FAMILY = "1,2";
				TEST_HOST = "$(BUILT_PRODUCTS_DIR)/Recipes.app/$(BUNDLE_EXECUTABLE_FOLDER_PATH)/Recipes";
			};
			name = Release;
		};
		FCD53CC02C8951FA00386FD3 /* Debug */ = {
			isa = XCBuildConfiguration;
			buildSettings = {
				ALWAYS_EMBED_SWIFT_STANDARD_LIBRARIES = YES;
				CODE_SIGN_STYLE = Automatic;
				CURRENT_PROJECT_VERSION = 1;
				DEVELOPMENT_TEAM = P47JS6NZTH;
				GENERATE_INFOPLIST_FILE = YES;
				MARKETING_VERSION = 1.0;
				PRODUCT_BUNDLE_IDENTIFIER = com.wyethshamp.RecipesUITests;
				PRODUCT_NAME = "$(TARGET_NAME)";
				SWIFT_EMIT_LOC_STRINGS = NO;
				SWIFT_VERSION = 5.0;
				TARGETED_DEVICE_FAMILY = "1,2";
				TEST_TARGET_NAME = Recipes;
			};
			name = Debug;
		};
		FCD53CC12C8951FA00386FD3 /* Release */ = {
			isa = XCBuildConfiguration;
			buildSettings = {
				ALWAYS_EMBED_SWIFT_STANDARD_LIBRARIES = YES;
				CODE_SIGN_STYLE = Automatic;
				CURRENT_PROJECT_VERSION = 1;
				DEVELOPMENT_TEAM = P47JS6NZTH;
				GENERATE_INFOPLIST_FILE = YES;
				MARKETING_VERSION = 1.0;
				PRODUCT_BUNDLE_IDENTIFIER = com.wyethshamp.RecipesUITests;
				PRODUCT_NAME = "$(TARGET_NAME)";
				SWIFT_EMIT_LOC_STRINGS = NO;
				SWIFT_VERSION = 5.0;
				TARGETED_DEVICE_FAMILY = "1,2";
				TEST_TARGET_NAME = Recipes;
			};
			name = Release;
		};
/* End XCBuildConfiguration section */

/* Begin XCConfigurationList section */
		FCD53C902C8951F900386FD3 /* Build configuration list for PBXProject "Recipes" */ = {
			isa = XCConfigurationList;
			buildConfigurations = (
				FCD53CB72C8951FA00386FD3 /* Debug */,
				FCD53CB82C8951FA00386FD3 /* Release */,
			);
			defaultConfigurationIsVisible = 0;
			defaultConfigurationName = Release;
		};
		FCD53CB92C8951FA00386FD3 /* Build configuration list for PBXNativeTarget "Recipes" */ = {
			isa = XCConfigurationList;
			buildConfigurations = (
				FCD53CBA2C8951FA00386FD3 /* Debug */,
				FCD53CBB2C8951FA00386FD3 /* Release */,
			);
			defaultConfigurationIsVisible = 0;
			defaultConfigurationName = Release;
		};
		FCD53CBC2C8951FA00386FD3 /* Build configuration list for PBXNativeTarget "RecipesTests" */ = {
			isa = XCConfigurationList;
			buildConfigurations = (
				FCD53CBD2C8951FA00386FD3 /* Debug */,
				FCD53CBE2C8951FA00386FD3 /* Release */,
			);
			defaultConfigurationIsVisible = 0;
			defaultConfigurationName = Release;
		};
		FCD53CBF2C8951FA00386FD3 /* Build configuration list for PBXNativeTarget "RecipesUITests" */ = {
			isa = XCConfigurationList;
			buildConfigurations = (
				FCD53CC02C8951FA00386FD3 /* Debug */,
				FCD53CC12C8951FA00386FD3 /* Release */,
			);
			defaultConfigurationIsVisible = 0;
			defaultConfigurationName = Release;
		};
/* End XCConfigurationList section */
	};
	rootObject = FCD53C8D2C8951F900386FD3 /* Project object */;
}
